
Microsoft Visual Studio Solution File, Format Version 12.00
# Visual Studio Version 16
VisualStudioVersion = 16.0.30621.155
MinimumVisualStudioVersion = 10.0.40219.1
Project("{FAE04EC0-301F-11D3-BF4B-00C04F79EFBC}") = "diplim_app", "diplim_app\diplim_app.csproj", "{3F4E5191-D8BF-467C-9916-1D16FEDE59F6}"
EndProject
Global
	GlobalSection(SolutionConfigurationPlatforms) = preSolution
		Debug|Any CPU = Debug|Any CPU
		Release|Any CPU = Release|Any CPU
	EndGlobalSection
	GlobalSection(ProjectConfigurationPlatforms) = postSolution
		{3F4E5191-D8BF-467C-9916-1D16FEDE59F6}.Debug|Any CPU.ActiveCfg = Debug|Any CPU
		{3F4E5191-D8BF-467C-9916-1D16FEDE59F6}.Debug|Any CPU.Build.0 = Debug|Any CPU
		{3F4E5191-D8BF-467C-9916-1D16FEDE59F6}.Release|Any CPU.ActiveCfg = Release|Any CPU
		{3F4E5191-D8BF-467C-9916-1D16FEDE59F6}.Release|Any CPU.Build.0 = Release|Any CPU
	EndGlobalSection
	GlobalSection(SolutionProperties) = preSolution
		HideSolutionNode = FALSE
	EndGlobalSection
	GlobalSection(ExtensibilityGlobals) = postSolution
		SolutionGuid = {32A9B47E-590A-4DA3-9C05-AEB79F7048DC}
	EndGlobalSection
EndGlobal
